
Microsoft Visual Studio Solution File, Format Version 12.00
# Visual Studio Version 17
VisualStudioVersion = 17.14.36518.9 d17.14
MinimumVisualStudioVersion = 10.0.40219.1
Project("{FAE04EC0-301F-11D3-BF4B-00C04F79EFBC}") = "classecomheranca", "classecomheranca.csproj", "{FFAF0200-44A7-49E4-B365-D01AF9189577}"
EndProject
Global
	GlobalSection(SolutionConfigurationPlatforms) = preSolution
		Debug|Any CPU = Debug|Any CPU
		Release|Any CPU = Release|Any CPU
	EndGlobalSection
	GlobalSection(ProjectConfigurationPlatforms) = postSolution
		{FFAF0200-44A7-49E4-B365-D01AF9189577}.Debug|Any CPU.ActiveCfg = Debug|Any CPU
		{FFAF0200-44A7-49E4-B365-D01AF9189577}.Debug|Any CPU.Build.0 = Debug|Any CPU
		{FFAF0200-44A7-49E4-B365-D01AF9189577}.Release|Any CPU.ActiveCfg = Release|Any CPU
		{FFAF0200-44A7-49E4-B365-D01AF9189577}.Release|Any CPU.Build.0 = Release|Any CPU
	EndGlobalSection
	GlobalSection(SolutionProperties) = preSolution
		HideSolutionNode = FALSE
	EndGlobalSection
	GlobalSection(ExtensibilityGlobals) = postSolution
		SolutionGuid = {8C1F9F90-26F2-4CC6-B0DE-037A6EE99319}
	EndGlobalSection
EndGlobal
