
Microsoft Visual Studio Solution File, Format Version 12.00
# Visual Studio Version 17
VisualStudioVersion = 17.14.36518.9 d17.14
MinimumVisualStudioVersion = 10.0.40219.1
Project("{FAE04EC0-301F-11D3-BF4B-00C04F79EFBC}") = "vetoresmatrizes", "vetoresmatrizes.csproj", "{CFBB4ABB-620F-44A9-B94D-B56593E441B7}"
EndProject
Global
	GlobalSection(SolutionConfigurationPlatforms) = preSolution
		Debug|Any CPU = Debug|Any CPU
		Release|Any CPU = Release|Any CPU
	EndGlobalSection
	GlobalSection(ProjectConfigurationPlatforms) = postSolution
		{CFBB4ABB-620F-44A9-B94D-B56593E441B7}.Debug|Any CPU.ActiveCfg = Debug|Any CPU
		{CFBB4ABB-620F-44A9-B94D-B56593E441B7}.Debug|Any CPU.Build.0 = Debug|Any CPU
		{CFBB4ABB-620F-44A9-B94D-B56593E441B7}.Release|Any CPU.ActiveCfg = Release|Any CPU
		{CFBB4ABB-620F-44A9-B94D-B56593E441B7}.Release|Any CPU.Build.0 = Release|Any CPU
	EndGlobalSection
	GlobalSection(SolutionProperties) = preSolution
		HideSolutionNode = FALSE
	EndGlobalSection
	GlobalSection(ExtensibilityGlobals) = postSolution
		SolutionGuid = {457151C0-BEBF-405C-A267-85303B6AE58E}
	EndGlobalSection
EndGlobal
