
Microsoft Visual Studio Solution File, Format Version 12.00
# Visual Studio Version 17
VisualStudioVersion = 17.14.36623.8 d17.14
MinimumVisualStudioVersion = 10.0.40219.1
Project("{FAE04EC0-301F-11D3-BF4B-00C04F79EFBC}") = "teste", "teste.csproj", "{03F375DA-A082-4878-8B6C-62D7F846BEF2}"
EndProject
Global
	GlobalSection(SolutionConfigurationPlatforms) = preSolution
		Debug|Any CPU = Debug|Any CPU
		Release|Any CPU = Release|Any CPU
	EndGlobalSection
	GlobalSection(ProjectConfigurationPlatforms) = postSolution
		{03F375DA-A082-4878-8B6C-62D7F846BEF2}.Debug|Any CPU.ActiveCfg = Debug|Any CPU
		{03F375DA-A082-4878-8B6C-62D7F846BEF2}.Debug|Any CPU.Build.0 = Debug|Any CPU
		{03F375DA-A082-4878-8B6C-62D7F846BEF2}.Release|Any CPU.ActiveCfg = Release|Any CPU
		{03F375DA-A082-4878-8B6C-62D7F846BEF2}.Release|Any CPU.Build.0 = Release|Any CPU
	EndGlobalSection
	GlobalSection(SolutionProperties) = preSolution
		HideSolutionNode = FALSE
	EndGlobalSection
	GlobalSection(ExtensibilityGlobals) = postSolution
		SolutionGuid = {C2244DE5-5289-46D9-B1F4-44CF0BBB76BE}
	EndGlobalSection
EndGlobal
